
Microsoft Visual Studio Solution File, Format Version 12.00
# Visual Studio 15
VisualStudioVersion = 15.0.28010.2050
MinimumVisualStudioVersion = 10.0.40219.1
Project("{9A19103F-16F7-4668-BE54-9A1E7A4F7556}") = "NumberGamesProvider", "NumberGamesProvider\NumberGamesProvider.csproj", "{7492B3B1-B636-404B-AD0E-AEF4C17CCEA9}"
EndProject
Project("{E53339B2-1760-4266-BCC7-CA923CBCF16C}") = "docker-compose", "docker-compose.dcproj", "{AFCAF422-7A4B-4792-BAC6-5A38E9CEE763}"
EndProject
Project("{9A19103F-16F7-4668-BE54-9A1E7A4F7556}") = "DSServicesGateway", "DSServicesGateway\DSServicesGateway.csproj", "{D19664F4-4771-4CE3-9A1A-B7B5C8362EC9}"
EndProject
Project("{9A19103F-16F7-4668-BE54-9A1E7A4F7556}") = "SubscriptionServices", "SubscriptionServices\SubscriptionServices.csproj", "{02DD1076-3629-4E09-9421-9EF137B05A90}"
EndProject
Project("{FAE04EC0-301F-11D3-BF4B-00C04F79EFBC}") = "FunService", "FunService\FunService.csproj", "{8088E6C0-CFDD-4F8A-8D7F-D22ED4668F97}"
EndProject
Global
	GlobalSection(SolutionConfigurationPlatforms) = preSolution
		Debug|Any CPU = Debug|Any CPU
		Release|Any CPU = Release|Any CPU
	EndGlobalSection
	GlobalSection(ProjectConfigurationPlatforms) = postSolution
		{7492B3B1-B636-404B-AD0E-AEF4C17CCEA9}.Debug|Any CPU.ActiveCfg = Debug|Any CPU
		{7492B3B1-B636-404B-AD0E-AEF4C17CCEA9}.Debug|Any CPU.Build.0 = Debug|Any CPU
		{7492B3B1-B636-404B-AD0E-AEF4C17CCEA9}.Release|Any CPU.ActiveCfg = Release|Any CPU
		{7492B3B1-B636-404B-AD0E-AEF4C17CCEA9}.Release|Any CPU.Build.0 = Release|Any CPU
		{AFCAF422-7A4B-4792-BAC6-5A38E9CEE763}.Debug|Any CPU.ActiveCfg = Debug|Any CPU
		{AFCAF422-7A4B-4792-BAC6-5A38E9CEE763}.Debug|Any CPU.Build.0 = Debug|Any CPU
		{AFCAF422-7A4B-4792-BAC6-5A38E9CEE763}.Release|Any CPU.ActiveCfg = Release|Any CPU
		{AFCAF422-7A4B-4792-BAC6-5A38E9CEE763}.Release|Any CPU.Build.0 = Release|Any CPU
		{D19664F4-4771-4CE3-9A1A-B7B5C8362EC9}.Debug|Any CPU.ActiveCfg = Debug|Any CPU
		{D19664F4-4771-4CE3-9A1A-B7B5C8362EC9}.Debug|Any CPU.Build.0 = Debug|Any CPU
		{D19664F4-4771-4CE3-9A1A-B7B5C8362EC9}.Release|Any CPU.ActiveCfg = Release|Any CPU
		{D19664F4-4771-4CE3-9A1A-B7B5C8362EC9}.Release|Any CPU.Build.0 = Release|Any CPU
		{02DD1076-3629-4E09-9421-9EF137B05A90}.Debug|Any CPU.ActiveCfg = Debug|Any CPU
		{02DD1076-3629-4E09-9421-9EF137B05A90}.Debug|Any CPU.Build.0 = Debug|Any CPU
		{02DD1076-3629-4E09-9421-9EF137B05A90}.Release|Any CPU.ActiveCfg = Release|Any CPU
		{02DD1076-3629-4E09-9421-9EF137B05A90}.Release|Any CPU.Build.0 = Release|Any CPU
		{8088E6C0-CFDD-4F8A-8D7F-D22ED4668F97}.Debug|Any CPU.ActiveCfg = Debug|Any CPU
		{8088E6C0-CFDD-4F8A-8D7F-D22ED4668F97}.Debug|Any CPU.Build.0 = Debug|Any CPU
		{8088E6C0-CFDD-4F8A-8D7F-D22ED4668F97}.Release|Any CPU.ActiveCfg = Release|Any CPU
		{8088E6C0-CFDD-4F8A-8D7F-D22ED4668F97}.Release|Any CPU.Build.0 = Release|Any CPU
	EndGlobalSection
	GlobalSection(SolutionProperties) = preSolution
		HideSolutionNode = FALSE
	EndGlobalSection
	GlobalSection(ExtensibilityGlobals) = postSolution
		SolutionGuid = {3C531DE8-1502-4399-9505-00EA91126565}
	EndGlobalSection
EndGlobal
